
Microsoft Visual Studio Solution File, Format Version 12.00
# Visual Studio Version 17
VisualStudioVersion = 17.4.33213.308
MinimumVisualStudioVersion = 10.0.40219.1
Project("{FAE04EC0-301F-11D3-BF4B-00C04F79EFBC}") = "CBriscola.Avalonia", "CBriscola.Avalonia\CBriscola.Avalonia.csproj", "{76629C3E-FEDC-424A-A075-287E8CD39D8F}"
EndProject
Global
	GlobalSection(SolutionConfigurationPlatforms) = preSolution
		Debug|Any CPU = Debug|Any CPU
		Release|Any CPU = Release|Any CPU
	EndGlobalSection
	GlobalSection(ProjectConfigurationPlatforms) = postSolution
		{76629C3E-FEDC-424A-A075-287E8CD39D8F}.Debug|Any CPU.ActiveCfg = Debug|Any CPU
		{76629C3E-FEDC-424A-A075-287E8CD39D8F}.Debug|Any CPU.Build.0 = Debug|Any CPU
		{76629C3E-FEDC-424A-A075-287E8CD39D8F}.Release|Any CPU.ActiveCfg = Release|Any CPU
		{76629C3E-FEDC-424A-A075-287E8CD39D8F}.Release|Any CPU.Build.0 = Release|Any CPU
	EndGlobalSection
	GlobalSection(SolutionProperties) = preSolution
		HideSolutionNode = FALSE
	EndGlobalSection
	GlobalSection(ExtensibilityGlobals) = postSolution
		SolutionGuid = {357F3BFC-1ADD-43A5-ACC6-71F2F4E1DFBE}
	EndGlobalSection
EndGlobal
